
Microsoft Visual Studio Solution File, Format Version 12.00
# Visual Studio Version 17
VisualStudioVersion = 17.2.32616.157
MinimumVisualStudioVersion = 10.0.40219.1
Project("{FAE04EC0-301F-11D3-BF4B-00C04F79EFBC}") = "testlol", "testlol\testlol.csproj", "{5598A3A6-8498-4650-B73C-81C9D5370D3A}"
EndProject
Global
	GlobalSection(SolutionConfigurationPlatforms) = preSolution
		Debug|Any CPU = Debug|Any CPU
		Release|Any CPU = Release|Any CPU
	EndGlobalSection
	GlobalSection(ProjectConfigurationPlatforms) = postSolution
		{5598A3A6-8498-4650-B73C-81C9D5370D3A}.Debug|Any CPU.ActiveCfg = Debug|Any CPU
		{5598A3A6-8498-4650-B73C-81C9D5370D3A}.Debug|Any CPU.Build.0 = Debug|Any CPU
		{5598A3A6-8498-4650-B73C-81C9D5370D3A}.Release|Any CPU.ActiveCfg = Release|Any CPU
		{5598A3A6-8498-4650-B73C-81C9D5370D3A}.Release|Any CPU.Build.0 = Release|Any CPU
	EndGlobalSection
	GlobalSection(SolutionProperties) = preSolution
		HideSolutionNode = FALSE
	EndGlobalSection
	GlobalSection(ExtensibilityGlobals) = postSolution
		SolutionGuid = {923971AE-C089-4197-885D-411DA488E2D5}
	EndGlobalSection
EndGlobal
